# This file was autogenerated by uv via the following command:
#    uv pip compile --extra plugins pyproject.toml --output-file uv.lock
absl-py==2.3.1
    # via
    #   keras
    #   tensorboard
    #   tensorflow
aiofiles==24.1.0
    # via python-keycloak
alembic==1.16.4
    # via jupyterhub
amqp==5.3.1
    # via kombu
annotated-types==0.7.0
    # via pydantic
anyio==4.9.0
    # via
    #   httpx
    #   jupyter-server
    #   starlette
    #   watchfiles
anytree==2.13.0
    # via pynxtools
argon2-cffi==25.1.0
    # via jupyter-server
argon2-cffi-bindings==25.1.0
    # via argon2-cffi
arrow==1.3.0
    # via isoduration
ase==3.22.1
    # via
    #   ifes-apt-tc-data-modeling
    #   matid
    #   nomad-lab
    #   pynxtools
asttokens==3.0.0
    # via stack-data
astunparse==1.6.3
    # via tensorflow
async-generator==1.10
    # via jupyterhub
async-lru==2.0.5
    # via jupyterlab
async-property==0.2.2
    # via python-keycloak
attrs==25.3.0
    # via
    #   jsonschema
    #   referencing
babel==2.17.0
    # via jupyterlab-server
beautifulsoup4==4.12.3
    # via
    #   nbconvert
    #   nomad-lab
billiard==4.2.1
    # via celery
bitarray==3.6.0
    # via nomad-lab
bleach==6.2.0
    # via nbconvert
blinker==1.9.0
    # via nomad-lab
blosc2==3.6.1
    # via tables
cachetools==6.1.0
    # via nomad-lab
celery==5.5.3
    # via nomad-lab
certifi==2025.7.14
    # via
    #   elasticsearch
    #   httpcore
    #   httpx
    #   requests
certipy==0.2.2
    # via jupyterhub
cffi==1.17.1
    # via
    #   argon2-cffi-bindings
    #   cryptography
charset-normalizer==3.4.2
    # via requests
click==8.2.1
    # via
    #   celery
    #   click-default-group
    #   click-didyoumean
    #   click-plugins
    #   click-repl
    #   nomad-lab
    #   pynxtools
    #   uvicorn
click-default-group==1.2.4
    # via pynxtools
click-didyoumean==0.3.1
    # via celery
click-plugins==1.1.1.2
    # via celery
click-repl==0.3.0
    # via celery
comm==0.2.3
    # via
    #   ipykernel
    #   ipywidgets
contourpy==1.3.3
    # via matplotlib
cryptography==45.0.5
    # via
    #   certipy
    #   jwcrypto
    #   pyjwt
    #   rfc3161ng
cycler==0.12.1
    # via matplotlib
debugpy==1.8.15
    # via ipykernel
decorator==5.2.1
    # via ipython
defusedxml==0.7.1
    # via nbconvert
deprecation==2.1.0
    # via python-keycloak
dnspython==2.7.0
    # via
    #   email-validator
    #   pymongo
docker==7.1.0
    # via dockerspawner
dockerspawner==14.0.0
    # via nomad-lab
docstring-parser==0.17.0
    # via nomad-lab
elasticsearch==7.17.12
    # via elasticsearch-dsl
elasticsearch-dsl==7.4.1
    # via nomad-lab
email-validator==2.2.0
    # via pydantic
escapism==1.0.1
    # via dockerspawner
executing==2.2.0
    # via stack-data
fairmat-readers-transmission==0.0.2
    # via nomad-measurements
fairmat-readers-xrd==0.0.7
    # via nomad-measurements
fastapi==0.116.1
    # via
    #   h5grove
    #   nomad-lab
fastjsonschema==2.21.1
    # via nbformat
flatbuffers==25.2.10
    # via tensorflow
flatdict==4.0.1
    # via ifes-apt-tc-data-modeling
fonttools==4.59.0
    # via matplotlib
fqdn==1.5.1
    # via jsonschema
gast==0.6.0
    # via tensorflow
google-pasta==0.2.0
    # via tensorflow
greenlet==3.2.3
    # via sqlalchemy
grpcio==1.74.0
    # via
    #   tensorboard
    #   tensorflow
gunicorn==23.0.0
    # via nomad-lab
h11==0.16.0
    # via
    #   httpcore
    #   uvicorn
h5grove==2.3.0
    # via
    #   jupyterlab-h5web
    #   nomad-lab
h5py==3.14.0
    # via
    #   h5grove
    #   ifes-apt-tc-data-modeling
    #   jupyterlab-h5web
    #   keras
    #   nomad-lab
    #   pynxtools
    #   tensorflow
httpcore==1.0.9
    # via httpx
httptools==0.6.4
    # via uvicorn
httpx==0.27.2
    # via
    #   jupyterlab
    #   nomad-lab
    #   python-keycloak
idna==3.10
    # via
    #   anyio
    #   email-validator
    #   httpx
    #   jsonschema
    #   requests
ifes-apt-tc-data-modeling==0.2.2
    # via pynxtools-apm
ifm-image-defect-detection @ git+https://github.com/csav1974/IFM-Image-Defect-Detection-and-Classification.git@e7ba2361e27f86ed990982265e86d7722ab4b6aa
    # via nomad-uibk-plugin
imageio==2.37.0
    # via scikit-image
importlib-metadata==8.7.0
    # via pynxtools
ipykernel==6.30.0
    # via
    #   jupyter
    #   jupyter-console
    #   jupyterlab
ipython==9.4.0
    # via
    #   ipykernel
    #   ipywidgets
    #   jupyter-console
ipython-pygments-lexers==1.1.1
    # via ipython
ipywidgets==8.1.7
    # via jupyter
isodate==0.7.2
    # via rdflib
isoduration==20.11.0
    # via jsonschema
jedi==0.19.2
    # via ipython
jinja2==3.1.6
    # via
    #   jupyter-server
    #   jupyterhub
    #   jupyterlab
    #   jupyterlab-server
    #   nbconvert
jmespath==1.0.1
    # via nomad-lab
joblib==1.5.1
    # via
    #   pymatgen
    #   scikit-learn
json5==0.12.0
    # via jupyterlab-server
jsonpath-ng==1.7.0
    # via nomad-lab
jsonpointer==3.0.0
    # via jsonschema
jsonschema==4.25.0
    # via
    #   jupyter-events
    #   jupyter-telemetry
    #   jupyterlab-server
    #   nbformat
    #   oauthenticator
jsonschema-specifications==2025.4.1
    # via jsonschema
jupyter==1.1.1
    # via ifes-apt-tc-data-modeling
jupyter-client==8.6.3
    # via
    #   ipykernel
    #   jupyter-console
    #   jupyter-server
    #   nbclient
jupyter-console==6.6.3
    # via jupyter
jupyter-core==5.8.1
    # via
    #   ipykernel
    #   jupyter-client
    #   jupyter-console
    #   jupyter-server
    #   jupyterlab
    #   nbclient
    #   nbconvert
    #   nbformat
jupyter-events==0.12.0
    # via jupyter-server
jupyter-lsp==2.2.6
    # via jupyterlab
jupyter-server==2.16.0
    # via
    #   jupyter-lsp
    #   jupyterlab
    #   jupyterlab-h5web
    #   jupyterlab-server
    #   notebook
    #   notebook-shim
jupyter-server-terminals==0.5.3
    # via jupyter-server
jupyter-telemetry==0.1.0
    # via jupyterhub
jupyterhub==4.1.6
    # via
    #   dockerspawner
    #   nomad-lab
    #   oauthenticator
jupyterlab==4.4.5
    # via
    #   ifes-apt-tc-data-modeling
    #   jupyter
    #   notebook
jupyterlab-h5web==12.4.0
    # via ifes-apt-tc-data-modeling
jupyterlab-pygments==0.3.0
    # via nbconvert
jupyterlab-server==2.27.3
    # via
    #   jupyterlab
    #   notebook
jupyterlab-widgets==3.0.15
    # via ipywidgets
jwcrypto==1.5.6
    # via python-keycloak
keras==3.11.0
    # via
    #   ifm-image-defect-detection
    #   tensorflow
kiwisolver==1.4.8
    # via matplotlib
kombu==5.5.4
    # via celery
lark==1.2.2
    # via
    #   optimade
    #   rfc3987-syntax
latexcodec==3.0.1
    # via pybtex
lazy-loader==0.4
    # via scikit-image
libclang==18.1.1
    # via tensorflow
lxml==6.0.0
    # via
    #   nomad-lab
    #   pynxtools
mako==1.3.10
    # via alembic
markdown==3.8.2
    # via tensorboard
markdown-it-py==3.0.0
    # via rich
markupsafe==3.0.2
    # via
    #   jinja2
    #   mako
    #   nbconvert
    #   werkzeug
matid==2.1.5
    # via nomad-lab
matplotlib==3.10.3
    # via
    #   ase
    #   ifm-image-defect-detection
    #   pymatgen
    #   radioactivedecay
matplotlib-inline==0.1.7
    # via
    #   ipykernel
    #   ipython
mdurl==0.1.2
    # via markdown-it-py
mergedeep==1.3.4
    # via pynxtools
mistune==3.1.3
    # via nbconvert
ml-dtypes==0.5.3
    # via
    #   keras
    #   tensorflow
mongoengine==0.29.1
    # via nomad-lab
mongomock==4.3.0
    # via optimade
monty==2025.3.3
    # via pymatgen
mpmath==1.3.0
    # via sympy
msgpack==1.1.1
    # via
    #   blosc2
    #   nomad-lab
msgspec==0.19.0
    # via nomad-lab
namex==0.1.0
    # via keras
nbclient==0.10.2
    # via nbconvert
nbconvert==7.16.6
    # via
    #   jupyter
    #   jupyter-server
nbformat==5.10.4
    # via
    #   jupyter-server
    #   nbclient
    #   nbconvert
ndindex==1.10.0
    # via blosc2
nest-asyncio==1.6.0
    # via ipykernel
networkx==3.5
    # via
    #   matid
    #   pymatgen
    #   radioactivedecay
    #   scikit-image
nomad-lab==1.3.16
    # via
    #   nomad-distribution (pyproject.toml)
    #   nomad-material-processing
    #   nomad-measurements
    #   nomad-uibk-plugin
nomad-material-processing==1.0.5
    # via nomad-uibk-plugin
nomad-measurements==1.2.3
    # via
    #   nomad-distribution (pyproject.toml)
    #   nomad-uibk-plugin
nomad-uibk-plugin @ git+https://github.com/thin-layers-technology-innsbruck/nomad-uibk-plugin@e32fd3a47f7fb589292c7dbd6a189db4012566de
    # via nomad-distribution (pyproject.toml)
notebook==7.4.4
    # via jupyter
notebook-shim==0.2.4
    # via
    #   jupyterlab
    #   notebook
numexpr==2.11.0
    # via
    #   blosc2
    #   tables
numpy==1.26.4
    # via
    #   ase
    #   blosc2
    #   contourpy
    #   fairmat-readers-transmission
    #   fairmat-readers-xrd
    #   h5grove
    #   h5py
    #   ifes-apt-tc-data-modeling
    #   ifm-image-defect-detection
    #   imageio
    #   keras
    #   matid
    #   matplotlib
    #   ml-dtypes
    #   monty
    #   nomad-lab
    #   numexpr
    #   opencv-python
    #   pandas
    #   pymatgen
    #   pynxtools
    #   pynxtools-apm
    #   radioactivedecay
    #   scikit-image
    #   scikit-learn
    #   scipy
    #   shapely
    #   spglib
    #   tables
    #   tensorboard
    #   tensorflow
    #   tifffile
    #   xarray
oauthenticator==15.1.0
    # via nomad-lab
oauthlib==3.3.1
    # via jupyterhub
opencv-python==4.11.0.86
    # via ifm-image-defect-detection
opt-einsum==3.4.0
    # via tensorflow
optimade==1.2.4
    # via nomad-lab
optree==0.17.0
    # via keras
orjson==3.11.1
    # via
    #   h5grove
    #   nomad-lab
overrides==7.7.0
    # via jupyter-server
packaging==25.0
    # via
    #   deprecation
    #   gunicorn
    #   ipykernel
    #   jupyter-events
    #   jupyter-server
    #   jupyterhub
    #   jupyterlab
    #   jupyterlab-server
    #   keras
    #   kombu
    #   lazy-loader
    #   matplotlib
    #   mongomock
    #   nbconvert
    #   pint
    #   plotly
    #   scikit-image
    #   tables
    #   tensorboard
    #   tensorflow
    #   xarray
palettable==3.3.3
    # via pymatgen
pamela==1.2.0
    # via jupyterhub
pandas==2.3.1
    # via
    #   fairmat-readers-transmission
    #   ifes-apt-tc-data-modeling
    #   nomad-lab
    #   pymatgen
    #   pynxtools
    #   radioactivedecay
    #   xarray
pandocfilters==1.5.1
    # via nbconvert
parso==0.8.4
    # via jedi
pexpect==4.9.0
    # via ipython
pillow==11.3.0
    # via
    #   ifm-image-defect-detection
    #   imageio
    #   matplotlib
    #   scikit-image
pint==0.17
    # via
    #   fairmat-readers-transmission
    #   fairmat-readers-xrd
    #   nomad-lab
    #   pynxtools
    #   pynxtools-apm
platformdirs==4.3.8
    # via
    #   blosc2
    #   jupyter-core
plotly==5.24.1
    # via
    #   nomad-lab
    #   pymatgen
ply==3.11
    # via jsonpath-ng
prometheus-client==0.22.1
    # via
    #   jupyter-server
    #   jupyterhub
prompt-toolkit==3.0.51
    # via
    #   click-repl
    #   ipython
    #   jupyter-console
protobuf==5.29.5
    # via
    #   tensorboard
    #   tensorflow
psutil==7.0.0
    # via ipykernel
ptyprocess==0.7.0
    # via
    #   pexpect
    #   terminado
pure-eval==0.2.3
    # via stack-data
py-cpuinfo==9.0.0
    # via
    #   blosc2
    #   tables
py-spy==0.4.0
    # via nomad-lab
pyasn1==0.6.1
    # via
    #   pyasn1-modules
    #   rfc3161ng
pyasn1-modules==0.4.2
    # via rfc3161ng
pybtex==0.25.1
    # via pymatgen
pycparser==2.22
    # via cffi
pydantic==2.11.7
    # via
    #   fastapi
    #   h5grove
    #   nomad-lab
    #   optimade
    #   pydantic-settings
pydantic-core==2.33.2
    # via pydantic
pydantic-settings==2.10.1
    # via
    #   h5grove
    #   optimade
pygments==2.19.2
    # via
    #   ipython
    #   ipython-pygments-lexers
    #   jupyter-console
    #   nbconvert
    #   rich
pyinstrument==5.0.3
    # via nomad-lab
pyjwt==2.10.1
    # via nomad-lab
pymatgen==2024.5.1
    # via nomad-lab
pymongo==4.13.2
    # via
    #   mongoengine
    #   optimade
pynxtools==0.10.9
    # via
    #   nomad-distribution (pyproject.toml)
    #   nomad-measurements
    #   pynxtools-apm
pynxtools-apm==0.2.4
    # via nomad-distribution (pyproject.toml)
pyparsing==3.2.3
    # via
    #   matplotlib
    #   rdflib
python-dateutil==2.9.0.post0
    # via
    #   arrow
    #   celery
    #   elasticsearch-dsl
    #   jupyter-client
    #   jupyterhub
    #   matplotlib
    #   pandas
    #   rfc3161ng
python-dotenv==1.1.1
    # via
    #   pydantic-settings
    #   uvicorn
python-json-logger==3.3.0
    # via
    #   jupyter-events
    #   jupyter-telemetry
python-keycloak==5.7.0
    # via nomad-lab
python-logstash==0.4.8
    # via nomad-lab
python-magic==0.4.27
    # via nomad-lab
python-multipart==0.0.20
    # via nomad-lab
pytz==2025.2
    # via
    #   mongomock
    #   nomad-lab
    #   pandas
pyyaml==6.0.2
    # via
    #   jupyter-events
    #   nomad-lab
    #   pybtex
    #   pynxtools
    #   uvicorn
pyzmq==27.0.0
    # via
    #   ipykernel
    #   jupyter-client
    #   jupyter-console
    #   jupyter-server
radioactivedecay==0.6.1
    # via ifes-apt-tc-data-modeling
rdflib==5.0.0
    # via nomad-lab
referencing==0.36.2
    # via
    #   jsonschema
    #   jsonschema-specifications
    #   jupyter-events
requests==2.31.0
    # via
    #   blosc2
    #   docker
    #   jupyterhub
    #   jupyterlab-server
    #   nomad-lab
    #   oauthenticator
    #   optimade
    #   pymatgen
    #   python-keycloak
    #   requests-toolbelt
    #   rfc3161ng
    #   tensorflow
requests-toolbelt==1.0.0
    # via python-keycloak
rfc3161ng==2.1.3
    # via nomad-lab
rfc3339-validator==0.1.4
    # via
    #   jsonschema
    #   jupyter-events
rfc3986-validator==0.1.1
    # via
    #   jsonschema
    #   jupyter-events
rfc3987-syntax==1.1.0
    # via jsonschema
rich==14.1.0
    # via keras
rpds-py==0.26.0
    # via
    #   jsonschema
    #   referencing
ruamel-yaml==0.18.14
    # via
    #   jupyter-telemetry
    #   monty
    #   oauthenticator
    #   pymatgen
ruamel-yaml-clib==0.2.12
    # via ruamel-yaml
scikit-image==0.25.2
    # via ifm-image-defect-detection
scikit-learn==1.7.1
    # via
    #   ifm-image-defect-detection
    #   matid
scipy==1.16.1
    # via
    #   ase
    #   nomad-lab
    #   pymatgen
    #   radioactivedecay
    #   scikit-image
    #   scikit-learn
send2trash==1.8.3
    # via jupyter-server
sentinels==1.0.0
    # via mongomock
setuptools==80.9.0
    # via
    #   nomad-distribution (pyproject.toml)
    #   jupyterlab
    #   tensorboard
    #   tensorflow
shapely==2.1.1
    # via ifm-image-defect-detection
six==1.17.0
    # via
    #   astunparse
    #   elasticsearch-dsl
    #   google-pasta
    #   python-dateutil
    #   rdflib
    #   rfc3339-validator
    #   tensorboard
    #   tensorflow
sniffio==1.3.1
    # via
    #   anyio
    #   httpx
soupsieve==2.7
    # via beautifulsoup4
spglib==2.6.0
    # via
    #   matid
    #   pymatgen
sqlalchemy==2.0.42
    # via
    #   alembic
    #   jupyterhub
stack-data==0.6.3
    # via ipython
starlette==0.47.2
    # via fastapi
structlog==25.4.0
    # via nomad-lab
sympy==1.14.0
    # via
    #   pymatgen
    #   radioactivedecay
tables==3.10.2
    # via ifes-apt-tc-data-modeling
tabulate==0.9.0
    # via
    #   nomad-lab
    #   pymatgen
tenacity==9.1.2
    # via plotly
tensorboard==2.19.0
    # via tensorflow
tensorboard-data-server==0.7.2
    # via tensorboard
tensorflow==2.19.0
    # via ifm-image-defect-detection
termcolor==3.1.0
    # via tensorflow
terminado==0.18.1
    # via
    #   jupyter-server
    #   jupyter-server-terminals
threadpoolctl==3.6.0
    # via scikit-learn
tifffile==2025.6.11
    # via
    #   h5grove
    #   scikit-image
tinycss2==1.4.0
    # via bleach
tk==0.1.0
    # via ifm-image-defect-detection
toposort==1.10
    # via pynxtools
tornado==6.5.1
    # via
    #   ipykernel
    #   jupyter-client
    #   jupyter-server
    #   jupyterhub
    #   jupyterlab
    #   notebook
    #   terminado
tqdm==4.67.1
    # via pymatgen
traitlets==5.14.3
    # via
    #   ipykernel
    #   ipython
    #   ipywidgets
    #   jupyter-client
    #   jupyter-console
    #   jupyter-core
    #   jupyter-events
    #   jupyter-server
    #   jupyter-telemetry
    #   jupyterhub
    #   jupyterlab
    #   matplotlib-inline
    #   nbclient
    #   nbconvert
    #   nbformat
types-python-dateutil==2.9.0.20250708
    # via arrow
typing-extensions==4.14.1
    # via
    #   alembic
    #   anyio
    #   fastapi
    #   h5grove
    #   jwcrypto
    #   optree
    #   pydantic
    #   pydantic-core
    #   referencing
    #   spglib
    #   sqlalchemy
    #   starlette
    #   tables
    #   tensorflow
    #   typing-inspection
typing-inspection==0.4.1
    # via
    #   pydantic
    #   pydantic-settings
tzdata==2025.2
    # via
    #   kombu
    #   pandas
uncertainties==3.2.3
    # via pymatgen
unidecode==1.4.0
    # via nomad-lab
uri-template==1.3.0
    # via jsonschema
urllib3==1.26.20
    # via
    #   docker
    #   elasticsearch
    #   requests
uvicorn==0.35.0
    # via
    #   h5grove
    #   nomad-lab
uvloop==0.21.0
    # via uvicorn
validators==0.35.0
    # via nomad-lab
vine==5.1.0
    # via
    #   amqp
    #   celery
    #   kombu
watchfiles==1.1.0
    # via uvicorn
wcwidth==0.2.13
    # via prompt-toolkit
webcolors==24.11.1
    # via jsonschema
webencodings==0.5.1
    # via
    #   bleach
    #   tinycss2
websocket-client==1.8.0
    # via jupyter-server
websockets==15.0.1
    # via uvicorn
werkzeug==3.1.3
    # via tensorboard
wheel==0.45.1
    # via astunparse
widgetsnbextension==4.0.14
    # via ipywidgets
wrapt==1.17.2
    # via tensorflow
xarray==2025.7.1
    # via
    #   nomad-lab
    #   pynxtools
xmltodict==0.13.0
    # via
    #   fairmat-readers-xrd
    #   ifes-apt-tc-data-modeling
zipp==3.23.0
    # via importlib-metadata
zipstream-ng==1.8.0
    # via nomad-lab
